
Microsoft Visual Studio Solution File, Format Version 12.00
# Visual Studio Version 16
VisualStudioVersion = 16.0.29613.14
MinimumVisualStudioVersion = 10.0.40219.1
Project("{FAE04EC0-301F-11D3-BF4B-00C04F79EFBC}") = "StatCapSearchForm", "StatCapSearchForm.csproj", "{37EFBE28-659E-4B9F-8339-03B1FF06C6D1}"
EndProject
Global
	GlobalSection(SolutionConfigurationPlatforms) = preSolution
		Debug|Any CPU = Debug|Any CPU
		Release|Any CPU = Release|Any CPU
	EndGlobalSection
	GlobalSection(ProjectConfigurationPlatforms) = postSolution
		{37EFBE28-659E-4B9F-8339-03B1FF06C6D1}.Debug|Any CPU.ActiveCfg = Debug|Any CPU
		{37EFBE28-659E-4B9F-8339-03B1FF06C6D1}.Debug|Any CPU.Build.0 = Debug|Any CPU
		{37EFBE28-659E-4B9F-8339-03B1FF06C6D1}.Release|Any CPU.ActiveCfg = Release|Any CPU
		{37EFBE28-659E-4B9F-8339-03B1FF06C6D1}.Release|Any CPU.Build.0 = Release|Any CPU
	EndGlobalSection
	GlobalSection(SolutionProperties) = preSolution
		HideSolutionNode = FALSE
	EndGlobalSection
	GlobalSection(ExtensibilityGlobals) = postSolution
		SolutionGuid = {DD555702-7A72-4D64-8838-9C5A769165EB}
	EndGlobalSection
EndGlobal
